lockfileVersion: '9.0'

settings:
  autoInstallPeers: true
  excludeLinksFromLockfile: false

importers:

  .:
    dependencies:
      ws:
        specifier: ^8.18.3
        version: 8.20.1
    devDependencies:
      '@opencode-ai/plugin':
        specifier: '*'
        version: 1.1.39
      bun-types:
        specifier: '*'
        version: 1.3.7

packages:

  '@opencode-ai/plugin@1.1.39':
    resolution: {integrity: sha512-PAdVYNZeRW9pCi4+t+Dp88hoPgEIiS5uJT31hUXLhZEfBvgaLNP38WhXwRNWbwSaNXudWOu/a5DzYNbU84uvHQ==}

  '@opencode-ai/sdk@1.1.39':
    resolution: {integrity: sha512-EUYBZAci0bzG9+a7JVINmqAqis71ipG2/D3juvmvvKFyu0YBIT/6b+g3+p82Eb5CU2dujxpPdJJCaexZ1389eQ==}

  '@types/node@25.0.10':
    resolution: {integrity: sha512-zWW5KPngR/yvakJgGOmZ5vTBemDoSqF3AcV/LrO5u5wTWyEAVVh+IT39G4gtyAkh3CtTZs8aX/yRM82OfzHJRg==}

  bun-types@1.3.7:
    resolution: {integrity: sha512-qyschsA03Qz+gou+apt6HNl6HnI+sJJLL4wLDke4iugsE6584CMupOtTY1n+2YC9nGVrEKUlTs99jjRLKgWnjQ==}

  undici-types@7.16.0:
    resolution: {integrity: sha512-Zz+aZWSj8LE6zoxD+xrjh4VfkIG8Ya6LvYkZqtUQGJPZjYl53ypCaUwWqo7eI0x66KBGeRo+mlBEkMSeSZ38Nw==}

  ws@8.20.1:
    resolution: {integrity: sha512-It4dO0K5v//JtTXuPkfEOaI3uUN87iYPnqo/ZzqCoG3g8uhA66QUMs/SrM0YK7/NAu+r4LMh/9dq2A7k+rHs+w==}
    engines: {node: '>=10.0.0'}
    peerDependencies:
      bufferutil: ^4.0.1
      utf-8-validate: '>=5.0.2'
    peerDependenciesMeta:
      bufferutil:
        optional: true
      utf-8-validate:
        optional: true

  zod@4.1.8:
    resolution: {integrity: sha512-5R1P+WwQqmmMIEACyzSvo4JXHY5WiAFHRMg+zBZKgKS+Q1viRa0C1hmUKtHltoIFKtIdki3pRxkmpP74jnNYHQ==}

snapshots:

  '@opencode-ai/plugin@1.1.39':
    dependencies:
      '@opencode-ai/sdk': 1.1.39
      zod: 4.1.8

  '@opencode-ai/sdk@1.1.39': {}

  '@types/node@25.0.10':
    dependencies:
      undici-types: 7.16.0

  bun-types@1.3.7:
    dependencies:
      '@types/node': 25.0.10

  undici-types@7.16.0: {}

  ws@8.20.1: {}

  zod@4.1.8: {}
